// !$*UTF8*$!
{
	archiveVersion = 1;
	classes = {
	};
	objectVersion = 50;
	objects = {

/* Begin PBXBuildFile section */
		6137CAA425154C8200128DD8 /* AppDelegate.swift in Sources */ = {isa = PBXBuildFile; fileRef = 6137CAA325154C8200128DD8 /* AppDelegate.swift */; };
		6137CAA625154C8200128DD8 /* SceneDelegate.swift in Sources */ = {isa = PBXBuildFile; fileRef = 6137CAA525154C8200128DD8 /* SceneDelegate.swift */; };
		6137CAA825154C8200128DD8 /* ContentView.swift in Sources */ = {isa = PBXBuildFile; fileRef = 6137CAA725154C8200128DD8 /* ContentView.swift */; };
		6137CAAA25154C8300128DD8 /* Assets.xcassets in Resources */ = {isa = PBXBuildFile; fileRef = 6137CAA925154C8300128DD8 /* Assets.xcassets */; };
		6137CAAD25154C8300128DD8 /* Preview Assets.xcassets in Resources */ = {isa = PBXBuildFile; fileRef = 6137CAAC25154C8300128DD8 /* Preview Assets.xcassets */; };
		6137CAB025154C8300128DD8 /* LaunchScreen.storyboard in Resources */ = {isa = PBXBuildFile; fileRef = 6137CAAE25154C8300128DD8 /* LaunchScreen.storyboard */; };
		619CFF82251643EC00A3D9C6 /* Assets.xcassets in Resources */ = {isa = PBXBuildFile; fileRef = 619CFF81251643EC00A3D9C6 /* Assets.xcassets */; };
		619CFF85251643EC00A3D9C6 /* Preview Assets.xcassets in Resources */ = {isa = PBXBuildFile; fileRef = 619CFF84251643EC00A3D9C6 /* Preview Assets.xcassets */; };
		619CFF88251643EC00A3D9C6 /* LaunchScreen.storyboard in Resources */ = {isa = PBXBuildFile; fileRef = 619CFF86251643EC00A3D9C6 /* LaunchScreen.storyboard */; };
		619CFFAA2516448700A3D9C6 /* main.swift in Sources */ = {isa = PBXBuildFile; fileRef = 619CFFA92516448700A3D9C6 /* main.swift */; };
		619CFFAC2516466D00A3D9C6 /* DemoApp.app in Frameworks */ = {isa = PBXBuildFile; fileRef = 6137CAA025154C8200128DD8 /* DemoApp.app */; };
/* End PBXBuildFile section */

/* Begin PBXContainerItemProxy section */
		6137CAB725154C8300128DD8 /* PBXContainerItemProxy */ = {
			isa = PBXContainerItemProxy;
			containerPortal = 6137CA9825154C8200128DD8 /* Project object */;
			proxyType = 1;
			remoteGlobalIDString = 6137CA9F25154C8200128DD8;
			remoteInfo = DemoApp;
		};
		6137CAC225154C8300128DD8 /* PBXContainerItemProxy */ = {
			isa = PBXContainerItemProxy;
			containerPortal = 6137CA9825154C8200128DD8 /* Project object */;
			proxyType = 1;
			remoteGlobalIDString = 6137CA9F25154C8200128DD8;
			remoteInfo = DemoApp;
		};
		619CFF8F251643ED00A3D9C6 /* PBXContainerItemProxy */ = {
			isa = PBXContainerItemProxy;
			containerPortal = 6137CA9825154C8200128DD8 /* Project object */;
			proxyType = 1;
			remoteGlobalIDString = 619CFF78251643EC00A3D9C6;
			remoteInfo = WrapperApp;
		};
		619CFF9A251643ED00A3D9C6 /* PBXContainerItemProxy */ = {
			isa = PBXContainerItemProxy;
			containerPortal = 6137CA9825154C8200128DD8 /* Project object */;
			proxyType = 1;
			remoteGlobalIDString = 619CFF78251643EC00A3D9C6;
			remoteInfo = WrapperApp;
		};
/* End PBXContainerItemProxy section */

/* Begin PBXFileReference section */
		6137CAA025154C8200128DD8 /* DemoApp.app */ = {isa = PBXFileReference; explicitFileType = wrapper.framework; includeInIndex = 0; name = DemoApp.app; path = DemoApp.framework; sourceTree = BUILT_PRODUCTS_DIR; };
		6137CAA325154C8200128DD8 /* AppDelegate.swift */ = {isa = PBXFileReference; lastKnownFileType = sourcecode.swift; path = AppDelegate.swift; sourceTree = "<group>"; };
		6137CAA525154C8200128DD8 /* SceneDelegate.swift */ = {isa = PBXFileReference; lastKnownFileType = sourcecode.swift; path = SceneDelegate.swift; sourceTree = "<group>"; };
		6137CAA725154C8200128DD8 /* ContentView.swift */ = {isa = PBXFileReference; lastKnownFileType = sourcecode.swift; path = ContentView.swift; sourceTree = "<group>"; };
		6137CAA925154C8300128DD8 /* Assets.xcassets */ = {isa = PBXFileReference; lastKnownFileType = folder.assetcatalog; path = Assets.xcassets; sourceTree = "<group>"; };
		6137CAAC25154C8300128DD8 /* Preview Assets.xcassets */ = {isa = PBXFileReference; lastKnownFileType = folder.assetcatalog; path = "Preview Assets.xcassets"; sourceTree = "<group>"; };
		6137CAAF25154C8300128DD8 /* Base */ = {isa = PBXFileReference; lastKnownFileType = file.storyboard; name = Base; path = Base.lproj/LaunchScreen.storyboard; sourceTree = "<group>"; };
		6137CAB125154C8300128DD8 /* Info.plist */ = {isa = PBXFileReference; lastKnownFileType = text.plist.xml; path = Info.plist; sourceTree = "<group>"; };
		6137CAB625154C8300128DD8 /* DemoAppTests.xctest */ = {isa = PBXFileReference; explicitFileType = wrapper.cfbundle; includeInIndex = 0; path = DemoAppTests.xctest; sourceTree = BUILT_PRODUCTS_DIR; };
		6137CAC125154C8300128DD8 /* DemoAppUITests.xctest */ = {isa = PBXFileReference; explicitFileType = wrapper.cfbundle; includeInIndex = 0; path = DemoAppUITests.xctest; sourceTree = BUILT_PRODUCTS_DIR; };
		619CFF79251643EC00A3D9C6 /* WrapperApp.app */ = {isa = PBXFileReference; explicitFileType = wrapper.application; includeInIndex = 0; path = WrapperApp.app; sourceTree = BUILT_PRODUCTS_DIR; };
		619CFF81251643EC00A3D9C6 /* Assets.xcassets */ = {isa = PBXFileReference; lastKnownFileType = folder.assetcatalog; path = Assets.xcassets; sourceTree = "<group>"; };
		619CFF84251643EC00A3D9C6 /* Preview Assets.xcassets */ = {isa = PBXFileReference; lastKnownFileType = folder.assetcatalog; path = "Preview Assets.xcassets"; sourceTree = "<group>"; };
		619CFF87251643EC00A3D9C6 /* Base */ = {isa = PBXFileReference; lastKnownFileType = file.storyboard; name = Base; path = Base.lproj/LaunchScreen.storyboard; sourceTree = "<group>"; };
		619CFF89251643EC00A3D9C6 /* Info.plist */ = {isa = PBXFileReference; lastKnownFileType = text.plist.xml; path = Info.plist; sourceTree = "<group>"; };
		619CFF8E251643ED00A3D9C6 /* WrapperAppTests.xctest */ = {isa = PBXFileReference; explicitFileType = wrapper.cfbundle; includeInIndex = 0; path = WrapperAppTests.xctest; sourceTree = BUILT_PRODUCTS_DIR; };
		619CFF99251643ED00A3D9C6 /* WrapperAppUITests.xctest */ = {isa = PBXFileReference; explicitFileType = wrapper.cfbundle; includeInIndex = 0; path = WrapperAppUITests.xctest; sourceTree = BUILT_PRODUCTS_DIR; };
		619CFFA92516448700A3D9C6 /* main.swift */ = {isa = PBXFileReference; lastKnownFileType = sourcecode.swift; path = main.swift; sourceTree = "<group>"; };
/* End PBXFileReference section */

/* Begin PBXFrameworksBuildPhase section */
		6137CA9D25154C8200128DD8 /* Frameworks */ = {
			isa = PBXFrameworksBuildPhase;
			buildActionMask = 2147483647;
			files = (
			);
			runOnlyForDeploymentPostprocessing = 0;
		};
		6137CAB325154C8300128DD8 /* Frameworks */ = {
			isa = PBXFrameworksBuildPhase;
			buildActionMask = 2147483647;
			files = (
			);
			runOnlyForDeploymentPostprocessing = 0;
		};
		6137CABE25154C8300128DD8 /* Frameworks */ = {
			isa = PBXFrameworksBuildPhase;
			buildActionMask = 2147483647;
			files = (
			);
			runOnlyForDeploymentPostprocessing = 0;
		};
		619CFF76251643EC00A3D9C6 /* Frameworks */ = {
			isa = PBXFrameworksBuildPhase;
			buildActionMask = 2147483647;
			files = (
				619CFFAC2516466D00A3D9C6 /* DemoApp.app in Frameworks */,
			);
			runOnlyForDeploymentPostprocessing = 0;
		};
		619CFF8B251643ED00A3D9C6 /* Frameworks */ = {
			isa = PBXFrameworksBuildPhase;
			buildActionMask = 2147483647;
			files = (
			);
			runOnlyForDeploymentPostprocessing = 0;
		};
		619CFF96251643ED00A3D9C6 /* Frameworks */ = {
			isa = PBXFrameworksBuildPhase;
			buildActionMask = 2147483647;
			files = (
			);
			runOnlyForDeploymentPostprocessing = 0;
		};
/* End PBXFrameworksBuildPhase section */

/* Begin PBXGroup section */
		6137CA9725154C8200128DD8 = {
			isa = PBXGroup;
			children = (
				6137CAA225154C8200128DD8 /* DemoApp */,
				619CFF7A251643EC00A3D9C6 /* WrapperApp */,
				6137CAA125154C8200128DD8 /* Products */,
				619CFFAB2516466D00A3D9C6 /* Frameworks */,
			);
			sourceTree = "<group>";
		};
		6137CAA125154C8200128DD8 /* Products */ = {
			isa = PBXGroup;
			children = (
				6137CAA025154C8200128DD8 /* DemoApp.app */,
				6137CAB625154C8300128DD8 /* DemoAppTests.xctest */,
				6137CAC125154C8300128DD8 /* DemoAppUITests.xctest */,
				619CFF79251643EC00A3D9C6 /* WrapperApp.app */,
				619CFF8E251643ED00A3D9C6 /* WrapperAppTests.xctest */,
				619CFF99251643ED00A3D9C6 /* WrapperAppUITests.xctest */,
			);
			name = Products;
			sourceTree = "<group>";
		};
		6137CAA225154C8200128DD8 /* DemoApp */ = {
			isa = PBXGroup;
			children = (
				6137CAA325154C8200128DD8 /* AppDelegate.swift */,
				6137CAA525154C8200128DD8 /* SceneDelegate.swift */,
				6137CAA725154C8200128DD8 /* ContentView.swift */,
				6137CAA925154C8300128DD8 /* Assets.xcassets */,
				6137CAAE25154C8300128DD8 /* LaunchScreen.storyboard */,
				6137CAB125154C8300128DD8 /* Info.plist */,
				6137CAAB25154C8300128DD8 /* Preview Content */,
			);
			path = DemoApp;
			sourceTree = "<group>";
		};
		6137CAAB25154C8300128DD8 /* Preview Content */ = {
			isa = PBXGroup;
			children = (
				6137CAAC25154C8300128DD8 /* Preview Assets.xcassets */,
			);
			path = "Preview Content";
			sourceTree = "<group>";
		};
		619CFF7A251643EC00A3D9C6 /* WrapperApp */ = {
			isa = PBXGroup;
			children = (
				619CFF81251643EC00A3D9C6 /* Assets.xcassets */,
				619CFF86251643EC00A3D9C6 /* LaunchScreen.storyboard */,
				619CFF89251643EC00A3D9C6 /* Info.plist */,
				619CFF83251643EC00A3D9C6 /* Preview Content */,
				619CFFA92516448700A3D9C6 /* main.swift */,
			);
			path = WrapperApp;
			sourceTree = "<group>";
		};
		619CFF83251643EC00A3D9C6 /* Preview Content */ = {
			isa = PBXGroup;
			children = (
				619CFF84251643EC00A3D9C6 /* Preview Assets.xcassets */,
			);
			path = "Preview Content";
			sourceTree = "<group>";
		};
		619CFFAB2516466D00A3D9C6 /* Frameworks */ = {
			isa = PBXGroup;
			children = (
			);
			name = Frameworks;
			sourceTree = "<group>";
		};
/* End PBXGroup section */

/* Begin PBXNativeTarget section */
		6137CA9F25154C8200128DD8 /* DemoApp */ = {
			isa = PBXNativeTarget;
			buildConfigurationList = 6137CACA25154C8300128DD8 /* Build configuration list for PBXNativeTarget "DemoApp" */;
			buildPhases = (
				6137CA9C25154C8200128DD8 /* Sources */,
				6137CA9D25154C8200128DD8 /* Frameworks */,
				6137CA9E25154C8200128DD8 /* Resources */,
			);
			buildRules = (
			);
			dependencies = (
			);
			name = DemoApp;
			productName = DemoApp;
			productReference = 6137CAA025154C8200128DD8 /* DemoApp.app */;
			productType = "com.apple.product-type.framework";
		};
		6137CAB525154C8300128DD8 /* DemoAppTests */ = {
			isa = PBXNativeTarget;
			buildConfigurationList = 6137CACD25154C8300128DD8 /* Build configuration list for PBXNativeTarget "DemoAppTests" */;
			buildPhases = (
				6137CAB225154C8300128DD8 /* Sources */,
				6137CAB325154C8300128DD8 /* Frameworks */,
				6137CAB425154C8300128DD8 /* Resources */,
			);
			buildRules = (
			);
			dependencies = (
				6137CAB825154C8300128DD8 /* PBXTargetDependency */,
			);
			name = DemoAppTests;
			productName = DemoAppTests;
			productReference = 6137CAB625154C8300128DD8 /* DemoAppTests.xctest */;
			productType = "com.apple.product-type.bundle.unit-test";
		};
		6137CAC025154C8300128DD8 /* DemoAppUITests */ = {
			isa = PBXNativeTarget;
			buildConfigurationList = 6137CAD025154C8300128DD8 /* Build configuration list for PBXNativeTarget "DemoAppUITests" */;
			buildPhases = (
				6137CABD25154C8300128DD8 /* Sources */,
				6137CABE25154C8300128DD8 /* Frameworks */,
				6137CABF25154C8300128DD8 /* Resources */,
			);
			buildRules = (
			);
			dependencies = (
				6137CAC325154C8300128DD8 /* PBXTargetDependency */,
			);
			name = DemoAppUITests;
			productName = DemoAppUITests;
			productReference = 6137CAC125154C8300128DD8 /* DemoAppUITests.xctest */;
			productType = "com.apple.product-type.bundle.ui-testing";
		};
		619CFF78251643EC00A3D9C6 /* WrapperApp */ = {
			isa = PBXNativeTarget;
			buildConfigurationList = 619CFFA0251643ED00A3D9C6 /* Build configuration list for PBXNativeTarget "WrapperApp" */;
			buildPhases = (
				619CFF75251643EC00A3D9C6 /* Sources */,
				619CFF76251643EC00A3D9C6 /* Frameworks */,
				619CFF77251643EC00A3D9C6 /* Resources */,
			);
			buildRules = (
			);
			dependencies = (
			);
			name = WrapperApp;
			productName = WrapperApp;
			productReference = 619CFF79251643EC00A3D9C6 /* WrapperApp.app */;
			productType = "com.apple.product-type.application";
		};
		619CFF8D251643ED00A3D9C6 /* WrapperAppTests */ = {
			isa = PBXNativeTarget;
			buildConfigurationList = 619CFFA3251643ED00A3D9C6 /* Build configuration list for PBXNativeTarget "WrapperAppTests" */;
			buildPhases = (
				619CFF8A251643ED00A3D9C6 /* Sources */,
				619CFF8B251643ED00A3D9C6 /* Frameworks */,
				619CFF8C251643ED00A3D9C6 /* Resources */,
			);
			buildRules = (
			);
			dependencies = (
				619CFF90251643ED00A3D9C6 /* PBXTargetDependency */,
			);
			name = WrapperAppTests;
			productName = WrapperAppTests;
			productReference = 619CFF8E251643ED00A3D9C6 /* WrapperAppTests.xctest */;
			productType = "com.apple.product-type.bundle.unit-test";
		};
		619CFF98251643ED00A3D9C6 /* WrapperAppUITests */ = {
			isa = PBXNativeTarget;
			buildConfigurationList = 619CFFA6251643ED00A3D9C6 /* Build configuration list for PBXNativeTarget "WrapperAppUITests" */;
			buildPhases = (
				619CFF95251643ED00A3D9C6 /* Sources */,
				619CFF96251643ED00A3D9C6 /* Frameworks */,
				619CFF97251643ED00A3D9C6 /* Resources */,
			);
			buildRules = (
			);
			dependencies = (
				619CFF9B251643ED00A3D9C6 /* PBXTargetDependency */,
			);
			name = WrapperAppUITests;
			productName = WrapperAppUITests;
			productReference = 619CFF99251643ED00A3D9C6 /* WrapperAppUITests.xctest */;
			productType = "com.apple.product-type.bundle.ui-testing";
		};
/* End PBXNativeTarget section */

/* Begin PBXProject section */
		6137CA9825154C8200128DD8 /* Project object */ = {
			isa = PBXProject;
			attributes = {
				LastSwiftUpdateCheck = 1160;
				LastUpgradeCheck = 1160;
				ORGANIZATIONNAME = Screenplay;
				TargetAttributes = {
					6137CA9F25154C8200128DD8 = {
						CreatedOnToolsVersion = 11.6;
					};
					6137CAB525154C8300128DD8 = {
						CreatedOnToolsVersion = 11.6;
						TestTargetID = 6137CA9F25154C8200128DD8;
					};
					6137CAC025154C8300128DD8 = {
						CreatedOnToolsVersion = 11.6;
						TestTargetID = 6137CA9F25154C8200128DD8;
					};
					619CFF78251643EC00A3D9C6 = {
						CreatedOnToolsVersion = 11.6;
					};
					619CFF8D251643ED00A3D9C6 = {
						CreatedOnToolsVersion = 11.6;
						TestTargetID = 619CFF78251643EC00A3D9C6;
					};
					619CFF98251643ED00A3D9C6 = {
						CreatedOnToolsVersion = 11.6;
						TestTargetID = 619CFF78251643EC00A3D9C6;
					};
				};
			};
			buildConfigurationList = 6137CA9B25154C8200128DD8 /* Build configuration list for PBXProject "DemoApp" */;
			compatibilityVersion = "Xcode 9.3";
			developmentRegion = en;
			hasScannedForEncodings = 0;
			knownRegions = (
				en,
				Base,
			);
			mainGroup = 6137CA9725154C8200128DD8;
			productRefGroup = 6137CAA125154C8200128DD8 /* Products */;
			projectDirPath = "";
			projectRoot = "";
			targets = (
				6137CA9F25154C8200128DD8 /* DemoApp */,
				6137CAB525154C8300128DD8 /* DemoAppTests */,
				6137CAC025154C8300128DD8 /* DemoAppUITests */,
				619CFF78251643EC00A3D9C6 /* WrapperApp */,
				619CFF8D251643ED00A3D9C6 /* WrapperAppTests */,
				619CFF98251643ED00A3D9C6 /* WrapperAppUITests */,
			);
		};
/* End PBXProject section */

/* Begin PBXResourcesBuildPhase section */
		6137CA9E25154C8200128DD8 /* Resources */ = {
			isa = PBXResourcesBuildPhase;
			buildActionMask = 2147483647;
			files = (
				6137CAB025154C8300128DD8 /* LaunchScreen.storyboard in Resources */,
				6137CAAD25154C8300128DD8 /* Preview Assets.xcassets in Resources */,
				6137CAAA25154C8300128DD8 /* Assets.xcassets in Resources */,
			);
			runOnlyForDeploymentPostprocessing = 0;
		};
		6137CAB425154C8300128DD8 /* Resources */ = {
			isa = PBXResourcesBuildPhase;
			buildActionMask = 2147483647;
			files = (
			);
			runOnlyForDeploymentPostprocessing = 0;
		};
		6137CABF25154C8300128DD8 /* Resources */ = {
			isa = PBXResourcesBuildPhase;
			buildActionMask = 2147483647;
			files = (
			);
			runOnlyForDeploymentPostprocessing = 0;
		};
		619CFF77251643EC00A3D9C6 /* Resources */ = {
			isa = PBXResourcesBuildPhase;
			buildActionMask = 2147483647;
			files = (
				619CFF88251643EC00A3D9C6 /* LaunchScreen.storyboard in Resources */,
				619CFF85251643EC00A3D9C6 /* Preview Assets.xcassets in Resources */,
				619CFF82251643EC00A3D9C6 /* Assets.xcassets in Resources */,
			);
			runOnlyForDeploymentPostprocessing = 0;
		};
		619CFF8C251643ED00A3D9C6 /* Resources */ = {
			isa = PBXResourcesBuildPhase;
			buildActionMask = 2147483647;
			files = (
			);
			runOnlyForDeploymentPostprocessing = 0;
		};
		619CFF97251643ED00A3D9C6 /* Resources */ = {
			isa = PBXResourcesBuildPhase;
			buildActionMask = 2147483647;
			files = (
			);
			runOnlyForDeploymentPostprocessing = 0;
		};
/* End PBXResourcesBuildPhase section */

/* Begin PBXSourcesBuildPhase section */
		6137CA9C25154C8200128DD8 /* Sources */ = {
			isa = PBXSourcesBuildPhase;
			buildActionMask = 2147483647;
			files = (
				6137CAA425154C8200128DD8 /* AppDelegate.swift in Sources */,
				6137CAA625154C8200128DD8 /* SceneDelegate.swift in Sources */,
				6137CAA825154C8200128DD8 /* ContentView.swift in Sources */,
			);
			runOnlyForDeploymentPostprocessing = 0;
		};
		6137CAB225154C8300128DD8 /* Sources */ = {
			isa = PBXSourcesBuildPhase;
			buildActionMask = 2147483647;
			files = (
			);
			runOnlyForDeploymentPostprocessing = 0;
		};
		6137CABD25154C8300128DD8 /* Sources */ = {
			isa = PBXSourcesBuildPhase;
			buildActionMask = 2147483647;
			files = (
			);
			runOnlyForDeploymentPostprocessing = 0;
		};
		619CFF75251643EC00A3D9C6 /* Sources */ = {
			isa = PBXSourcesBuildPhase;
			buildActionMask = 2147483647;
			files = (
				619CFFAA2516448700A3D9C6 /* main.swift in Sources */,
			);
			runOnlyForDeploymentPostprocessing = 0;
		};
		619CFF8A251643ED00A3D9C6 /* Sources */ = {
			isa = PBXSourcesBuildPhase;
			buildActionMask = 2147483647;
			files = (
			);
			runOnlyForDeploymentPostprocessing = 0;
		};
		619CFF95251643ED00A3D9C6 /* Sources */ = {
			isa = PBXSourcesBuildPhase;
			buildActionMask = 2147483647;
			files = (
			);
			runOnlyForDeploymentPostprocessing = 0;
		};
/* End PBXSourcesBuildPhase section */

/* Begin PBXTargetDependency section */
		6137CAB825154C8300128DD8 /* PBXTargetDependency */ = {
			isa = PBXTargetDependency;
			target = 6137CA9F25154C8200128DD8 /* DemoApp */;
			targetProxy = 6137CAB725154C8300128DD8 /* PBXContainerItemProxy */;
		};
		6137CAC325154C8300128DD8 /* PBXTargetDependency */ = {
			isa = PBXTargetDependency;
			target = 6137CA9F25154C8200128DD8 /* DemoApp */;
			targetProxy = 6137CAC225154C8300128DD8 /* PBXContainerItemProxy */;
		};
		619CFF90251643ED00A3D9C6 /* PBXTargetDependency */ = {
			isa = PBXTargetDependency;
			target = 619CFF78251643EC00A3D9C6 /* WrapperApp */;
			targetProxy = 619CFF8F251643ED00A3D9C6 /* PBXContainerItemProxy */;
		};
		619CFF9B251643ED00A3D9C6 /* PBXTargetDependency */ = {
			isa = PBXTargetDependency;
			target = 619CFF78251643EC00A3D9C6 /* WrapperApp */;
			targetProxy = 619CFF9A251643ED00A3D9C6 /* PBXContainerItemProxy */;
		};
/* End PBXTargetDependency section */

/* Begin PBXVariantGroup section */
		6137CAAE25154C8300128DD8 /* LaunchScreen.storyboard */ = {
			isa = PBXVariantGroup;
			children = (
				6137CAAF25154C8300128DD8 /* Base */,
			);
			name = LaunchScreen.storyboard;
			sourceTree = "<group>";
		};
		619CFF86251643EC00A3D9C6 /* LaunchScreen.storyboard */ = {
			isa = PBXVariantGroup;
			children = (
				619CFF87251643EC00A3D9C6 /* Base */,
			);
			name = LaunchScreen.storyboard;
			sourceTree = "<group>";
		};
/* End PBXVariantGroup section */

/* Begin XCBuildConfiguration section */
		6137CAC825154C8300128DD8 /* Debug */ = {
			isa = XCBuildConfiguration;
			buildSettings = {
				ALWAYS_SEARCH_USER_PATHS = NO;
				CLANG_ANALYZER_NONNULL = YES;
				CLANG_ANALYZER_NUMBER_OBJECT_CONVERSION = YES_AGGRESSIVE;
				CLANG_CXX_LANGUAGE_STANDARD = "gnu++14";
				CLANG_CXX_LIBRARY = "libc++";
				CLANG_ENABLE_MODULES = YES;
				CLANG_ENABLE_OBJC_ARC = YES;
				CLANG_ENABLE_OBJC_WEAK = YES;
				CLANG_WARN_BLOCK_CAPTURE_AUTORELEASING = YES;
				CLANG_WARN_BOOL_CONVERSION = YES;
				CLANG_WARN_COMMA = YES;
				CLANG_WARN_CONSTANT_CONVERSION = YES;
				CLANG_WARN_DEPRECATED_OBJC_IMPLEMENTATIONS = YES;
				CLANG_WARN_DIRECT_OBJC_ISA_USAGE = YES_ERROR;
				CLANG_WARN_DOCUMENTATION_COMMENTS = YES;
				CLANG_WARN_EMPTY_BODY = YES;
				CLANG_WARN_ENUM_CONVERSION = YES;
				CLANG_WARN_INFINITE_RECURSION = YES;
				CLANG_WARN_INT_CONVERSION = YES;
				CLANG_WARN_NON_LITERAL_NULL_CONVERSION = YES;
				CLANG_WARN_OBJC_IMPLICIT_RETAIN_SELF = YES;
				CLANG_WARN_OBJC_LITERAL_CONVERSION = YES;
				CLANG_WARN_OBJC_ROOT_CLASS = YES_ERROR;
				CLANG_WARN_RANGE_LOOP_ANALYSIS = YES;
				CLANG_WARN_STRICT_PROTOTYPES = YES;
				CLANG_WARN_SUSPICIOUS_MOVE = YES;
				CLANG_WARN_UNGUARDED_AVAILABILITY = YES_AGGRESSIVE;
				CLANG_WARN_UNREACHABLE_CODE = YES;
				CLANG_WARN__DUPLICATE_METHOD_MATCH = YES;
				COPY_PHASE_STRIP = NO;
				DEBUG_INFORMATION_FORMAT = dwarf;
				ENABLE_STRICT_OBJC_MSGSEND = YES;
				ENABLE_TESTABILITY = YES;
				GCC_C_LANGUAGE_STANDARD = gnu11;
				GCC_DYNAMIC_NO_PIC = NO;
				GCC_NO_COMMON_BLOCKS = YES;
				GCC_OPTIMIZATION_LEVEL = 0;
				GCC_PREPROCESSOR_DEFINITIONS = (
					"DEBUG=1",
					"$(inherited)",
				);
				GCC_WARN_64_TO_32_BIT_CONVERSION = YES;
				GCC_WARN_ABOUT_RETURN_TYPE = YES_ERROR;
				GCC_WARN_UNDECLARED_SELECTOR = YES;
				GCC_WARN_UNINITIALIZED_AUTOS = YES_AGGRESSIVE;
				GCC_WARN_UNUSED_FUNCTION = YES;
				GCC_WARN_UNUSED_VARIABLE = YES;
				IPHONEOS_DEPLOYMENT_TARGET = 13.6;
				MTL_ENABLE_DEBUG_INFO = INCLUDE_SOURCE;
				MTL_FAST_MATH = YES;
				ONLY_ACTIVE_ARCH = YES;
				SDKROOT = iphoneos;
				SWIFT_ACTIVE_COMPILATION_CONDITIONS = DEBUG;
				SWIFT_OPTIMIZATION_LEVEL = "-Onone";
			};
			name = Debug;
		};
		6137CAC925154C8300128DD8 /* Release */ = {
			isa = XCBuildConfiguration;
			buildSettings = {
				ALWAYS_SEARCH_USER_PATHS = NO;
				CLANG_ANALYZER_NONNULL = YES;
				CLANG_ANALYZER_NUMBER_OBJECT_CONVERSION = YES_AGGRESSIVE;
				CLANG_CXX_LANGUAGE_STANDARD = "gnu++14";
				CLANG_CXX_LIBRARY = "libc++";
				CLANG_ENABLE_MODULES = YES;
				CLANG_ENABLE_OBJC_ARC = YES;
				CLANG_ENABLE_OBJC_WEAK = YES;
				CLANG_WARN_BLOCK_CAPTURE_AUTORELEASING = YES;
				CLANG_WARN_BOOL_CONVERSION = YES;
				CLANG_WARN_COMMA = YES;
				CLANG_WARN_CONSTANT_CONVERSION = YES;
				CLANG_WARN_DEPRECATED_OBJC_IMPLEMENTATIONS = YES;
				CLANG_WARN_DIRECT_OBJC_ISA_USAGE = YES_ERROR;
				CLANG_WARN_DOCUMENTATION_COMMENTS = YES;
				CLANG_WARN_EMPTY_BODY = YES;
				CLANG_WARN_ENUM_CONVERSION = YES;
				CLANG_WARN_INFINITE_RECURSION = YES;
				CLANG_WARN_INT_CONVERSION = YES;
				CLANG_WARN_NON_LITERAL_NULL_CONVERSION = YES;
				CLANG_WARN_OBJC_IMPLICIT_RETAIN_SELF = YES;
				CLANG_WARN_OBJC_LITERAL_CONVERSION = YES;
				CLANG_WARN_OBJC_ROOT_CLASS = YES_ERROR;
				CLANG_WARN_RANGE_LOOP_ANALYSIS = YES;
				CLANG_WARN_STRICT_PROTOTYPES = YES;
				CLANG_WARN_SUSPICIOUS_MOVE = YES;
				CLANG_WARN_UNGUARDED_AVAILABILITY = YES_AGGRESSIVE;
				CLANG_WARN_UNREACHABLE_CODE = YES;
				CLANG_WARN__DUPLICATE_METHOD_MATCH = YES;
				COPY_PHASE_STRIP = NO;
				DEBUG_INFORMATION_FORMAT = "dwarf-with-dsym";
				ENABLE_NS_ASSERTIONS = NO;
				ENABLE_STRICT_OBJC_MSGSEND = YES;
				GCC_C_LANGUAGE_STANDARD = gnu11;
				GCC_NO_COMMON_BLOCKS = YES;
				GCC_WARN_64_TO_32_BIT_CONVERSION = YES;
				GCC_WARN_ABOUT_RETURN_TYPE = YES_ERROR;
				GCC_WARN_UNDECLARED_SELECTOR = YES;
				GCC_WARN_UNINITIALIZED_AUTOS = YES_AGGRESSIVE;
				GCC_WARN_UNUSED_FUNCTION = YES;
				GCC_WARN_UNUSED_VARIABLE = YES;
				IPHONEOS_DEPLOYMENT_TARGET = 13.6;
				MTL_ENABLE_DEBUG_INFO = NO;
				MTL_FAST_MATH = YES;
				SDKROOT = iphoneos;
				SWIFT_COMPILATION_MODE = wholemodule;
				SWIFT_OPTIMIZATION_LEVEL = "-O";
				VALIDATE_PRODUCT = YES;
			};
			name = Release;
		};
		6137CACB25154C8300128DD8 /* Debug */ = {
			isa = XCBuildConfiguration;
			buildSettings = {
				ASSETCATALOG_COMPILER_APPICON_NAME = AppIcon;
				CODE_SIGN_STYLE = Automatic;
				DEVELOPMENT_ASSET_PATHS = "\"DemoApp/Preview Content\"";
				DEVELOPMENT_TEAM = 6V5LDB8335;
				ENABLE_PREVIEWS = YES;
				INFOPLIST_FILE = DemoApp/Info.plist;
				LD_RUNPATH_SEARCH_PATHS = (
					"$(inherited)",
					"@executable_path/Frameworks",
				);
				PRODUCT_BUNDLE_IDENTIFIER = dev.screenplay.DemoApp;
				PRODUCT_NAME = "$(TARGET_NAME)";
				SWIFT_VERSION = 5.0;
				TARGETED_DEVICE_FAMILY = "1,2";
			};
			name = Debug;
		};
		6137CACC25154C8300128DD8 /* Release */ = {
			isa = XCBuildConfiguration;
			buildSettings = {
				ASSETCATALOG_COMPILER_APPICON_NAME = AppIcon;
				CODE_SIGN_STYLE = Automatic;
				DEVELOPMENT_ASSET_PATHS = "\"DemoApp/Preview Content\"";
				DEVELOPMENT_TEAM = 6V5LDB8335;
				ENABLE_PREVIEWS = YES;
				INFOPLIST_FILE = DemoApp/Info.plist;
				LD_RUNPATH_SEARCH_PATHS = (
					"$(inherited)",
					"@executable_path/Frameworks",
				);
				PRODUCT_BUNDLE_IDENTIFIER = dev.screenplay.DemoApp;
				PRODUCT_NAME = "$(TARGET_NAME)";
				SWIFT_VERSION = 5.0;
				TARGETED_DEVICE_FAMILY = "1,2";
			};
			name = Release;
		};
		6137CACE25154C8300128DD8 /* Debug */ = {
			isa = XCBuildConfiguration;
			buildSettings = {
				ALWAYS_EMBED_SWIFT_STANDARD_LIBRARIES = YES;
				BUNDLE_LOADER = "$(TEST_HOST)";
				CODE_SIGN_STYLE = Automatic;
				DEVELOPMENT_TEAM = 6V5LDB8335;
				INFOPLIST_FILE = DemoAppTests/Info.plist;
				IPHONEOS_DEPLOYMENT_TARGET = 13.6;
				LD_RUNPATH_SEARCH_PATHS = (
					"$(inherited)",
					"@executable_path/Frameworks",
					"@loader_path/Frameworks",
				);
				PRODUCT_BUNDLE_IDENTIFIER = dev.screenplay.DemoAppTests;
				PRODUCT_NAME = "$(TARGET_NAME)";
				SWIFT_VERSION = 5.0;
				TARGETED_DEVICE_FAMILY = "1,2";
				TEST_HOST = "$(BUILT_PRODUCTS_DIR)/DemoApp.app/DemoApp";
			};
			name = Debug;
		};
		6137CACF25154C8300128DD8 /* Release */ = {
			isa = XCBuildConfiguration;
			buildSettings = {
				ALWAYS_EMBED_SWIFT_STANDARD_LIBRARIES = YES;
				BUNDLE_LOADER = "$(TEST_HOST)";
				CODE_SIGN_STYLE = Automatic;
				DEVELOPMENT_TEAM = 6V5LDB8335;
				INFOPLIST_FILE = DemoAppTests/Info.plist;
				IPHONEOS_DEPLOYMENT_TARGET = 13.6;
				LD_RUNPATH_SEARCH_PATHS = (
					"$(inherited)",
					"@executable_path/Frameworks",
					"@loader_path/Frameworks",
				);
				PRODUCT_BUNDLE_IDENTIFIER = dev.screenplay.DemoAppTests;
				PRODUCT_NAME = "$(TARGET_NAME)";
				SWIFT_VERSION = 5.0;
				TARGETED_DEVICE_FAMILY = "1,2";
				TEST_HOST = "$(BUILT_PRODUCTS_DIR)/DemoApp.app/DemoApp";
			};
			name = Release;
		};
		6137CAD125154C8300128DD8 /* Debug */ = {
			isa = XCBuildConfiguration;
			buildSettings = {
				ALWAYS_EMBED_SWIFT_STANDARD_LIBRARIES = YES;
				CODE_SIGN_STYLE = Automatic;
				DEVELOPMENT_TEAM = 6V5LDB8335;
				INFOPLIST_FILE = DemoAppUITests/Info.plist;
				LD_RUNPATH_SEARCH_PATHS = (
					"$(inherited)",
					"@executable_path/Frameworks",
					"@loader_path/Frameworks",
				);
				PRODUCT_BUNDLE_IDENTIFIER = dev.screenplay.DemoAppUITests;
				PRODUCT_NAME = "$(TARGET_NAME)";
				SWIFT_VERSION = 5.0;
				TARGETED_DEVICE_FAMILY = "1,2";
				TEST_TARGET_NAME = DemoApp;
			};
			name = Debug;
		};
		6137CAD225154C8300128DD8 /* Release */ = {
			isa = XCBuildConfiguration;
			buildSettings = {
				ALWAYS_EMBED_SWIFT_STANDARD_LIBRARIES = YES;
				CODE_SIGN_STYLE = Automatic;
				DEVELOPMENT_TEAM = 6V5LDB8335;
				INFOPLIST_FILE = DemoAppUITests/Info.plist;
				LD_RUNPATH_SEARCH_PATHS = (
					"$(inherited)",
					"@executable_path/Frameworks",
					"@loader_path/Frameworks",
				);
				PRODUCT_BUNDLE_IDENTIFIER = dev.screenplay.DemoAppUITests;
				PRODUCT_NAME = "$(TARGET_NAME)";
				SWIFT_VERSION = 5.0;
				TARGETED_DEVICE_FAMILY = "1,2";
				TEST_TARGET_NAME = DemoApp;
			};
			name = Release;
		};
		619CFFA1251643ED00A3D9C6 /* Debug */ = {
			isa = XCBuildConfiguration;
			buildSettings = {
				ASSETCATALOG_COMPILER_APPICON_NAME = AppIcon;
				CODE_SIGN_STYLE = Automatic;
				DEVELOPMENT_ASSET_PATHS = "\"WrapperApp/Preview Content\"";
				DEVELOPMENT_TEAM = 6V5LDB8335;
				ENABLE_PREVIEWS = YES;
				INFOPLIST_FILE = WrapperApp/Info.plist;
				LD_RUNPATH_SEARCH_PATHS = (
					"$(inherited)",
					"@executable_path/Frameworks",
				);
				PRODUCT_BUNDLE_IDENTIFIER = dev.screenplay.WrapperApp;
				PRODUCT_NAME = "$(TARGET_NAME)";
				SWIFT_VERSION = 5.0;
				TARGETED_DEVICE_FAMILY = "1,2";
			};
			name = Debug;
		};
		619CFFA2251643ED00A3D9C6 /* Release */ = {
			isa = XCBuildConfiguration;
			buildSettings = {
				ASSETCATALOG_COMPILER_APPICON_NAME = AppIcon;
				CODE_SIGN_STYLE = Automatic;
				DEVELOPMENT_ASSET_PATHS = "\"WrapperApp/Preview Content\"";
				DEVELOPMENT_TEAM = 6V5LDB8335;
				ENABLE_PREVIEWS = YES;
				INFOPLIST_FILE = WrapperApp/Info.plist;
				LD_RUNPATH_SEARCH_PATHS = (
					"$(inherited)",
					"@executable_path/Frameworks",
				);
				PRODUCT_BUNDLE_IDENTIFIER = dev.screenplay.WrapperApp;
				PRODUCT_NAME = "$(TARGET_NAME)";
				SWIFT_VERSION = 5.0;
				TARGETED_DEVICE_FAMILY = "1,2";
			};
			name = Release;
		};
		619CFFA4251643ED00A3D9C6 /* Debug */ = {
			isa = XCBuildConfiguration;
			buildSettings = {
				ALWAYS_EMBED_SWIFT_STANDARD_LIBRARIES = YES;
				BUNDLE_LOADER = "$(TEST_HOST)";
				CODE_SIGN_STYLE = Automatic;
				DEVELOPMENT_TEAM = 6V5LDB8335;
				INFOPLIST_FILE = WrapperAppTests/Info.plist;
				IPHONEOS_DEPLOYMENT_TARGET = 13.6;
				LD_RUNPATH_SEARCH_PATHS = (
					"$(inherited)",
					"@executable_path/Frameworks",
					"@loader_path/Frameworks",
				);
				PRODUCT_BUNDLE_IDENTIFIER = dev.screenplay.WrapperAppTests;
				PRODUCT_NAME = "$(TARGET_NAME)";
				SWIFT_VERSION = 5.0;
				TARGETED_DEVICE_FAMILY = "1,2";
				TEST_HOST = "$(BUILT_PRODUCTS_DIR)/WrapperApp.app/WrapperApp";
			};
			name = Debug;
		};
		619CFFA5251643ED00A3D9C6 /* Release */ = {
			isa = XCBuildConfiguration;
			buildSettings = {
				ALWAYS_EMBED_SWIFT_STANDARD_LIBRARIES = YES;
				BUNDLE_LOADER = "$(TEST_HOST)";
				CODE_SIGN_STYLE = Automatic;
				DEVELOPMENT_TEAM = 6V5LDB8335;
				INFOPLIST_FILE = WrapperAppTests/Info.plist;
				IPHONEOS_DEPLOYMENT_TARGET = 13.6;
				LD_RUNPATH_SEARCH_PATHS = (
					"$(inherited)",
					"@executable_path/Frameworks",
					"@loader_path/Frameworks",
				);
				PRODUCT_BUNDLE_IDENTIFIER = dev.screenplay.WrapperAppTests;
				PRODUCT_NAME = "$(TARGET_NAME)";
				SWIFT_VERSION = 5.0;
				TARGETED_DEVICE_FAMILY = "1,2";
				TEST_HOST = "$(BUILT_PRODUCTS_DIR)/WrapperApp.app/WrapperApp";
			};
			name = Release;
		};
		619CFFA7251643ED00A3D9C6 /* Debug */ = {
			isa = XCBuildConfiguration;
			buildSettings = {
				ALWAYS_EMBED_SWIFT_STANDARD_LIBRARIES = YES;
				CODE_SIGN_STYLE = Automatic;
				DEVELOPMENT_TEAM = 6V5LDB8335;
				INFOPLIST_FILE = WrapperAppUITests/Info.plist;
				LD_RUNPATH_SEARCH_PATHS = (
					"$(inherited)",
					"@executable_path/Frameworks",
					"@loader_path/Frameworks",
				);
				PRODUCT_BUNDLE_IDENTIFIER = dev.screenplay.WrapperAppUITests;
				PRODUCT_NAME = "$(TARGET_NAME)";
				SWIFT_VERSION = 5.0;
				TARGETED_DEVICE_FAMILY = "1,2";
				TEST_TARGET_NAME = WrapperApp;
			};
			name = Debug;
		};
		619CFFA8251643ED00A3D9C6 /* Release */ = {
			isa = XCBuildConfiguration;
			buildSettings = {
				ALWAYS_EMBED_SWIFT_STANDARD_LIBRARIES = YES;
				CODE_SIGN_STYLE = Automatic;
				DEVELOPMENT_TEAM = 6V5LDB8335;
				INFOPLIST_FILE = WrapperAppUITests/Info.plist;
				LD_RUNPATH_SEARCH_PATHS = (
					"$(inherited)",
					"@executable_path/Frameworks",
					"@loader_path/Frameworks",
				);
				PRODUCT_BUNDLE_IDENTIFIER = dev.screenplay.WrapperAppUITests;
				PRODUCT_NAME = "$(TARGET_NAME)";
				SWIFT_VERSION = 5.0;
				TARGETED_DEVICE_FAMILY = "1,2";
				TEST_TARGET_NAME = WrapperApp;
			};
			name = Release;
		};
/* End XCBuildConfiguration section */

/* Begin XCConfigurationList section */
		6137CA9B25154C8200128DD8 /* Build configuration list for PBXProject "DemoApp" */ = {
			isa = XCConfigurationList;
			buildConfigurations = (
				6137CAC825154C8300128DD8 /* Debug */,
				6137CAC925154C8300128DD8 /* Release */,
			);
			defaultConfigurationIsVisible = 0;
			defaultConfigurationName = Release;
		};
		6137CACA25154C8300128DD8 /* Build configuration list for PBXNativeTarget "DemoApp" */ = {
			isa = XCConfigurationList;
			buildConfigurations = (
				6137CACB25154C8300128DD8 /* Debug */,
				6137CACC25154C8300128DD8 /* Release */,
			);
			defaultConfigurationIsVisible = 0;
			defaultConfigurationName = Release;
		};
		6137CACD25154C8300128DD8 /* Build configuration list for PBXNativeTarget "DemoAppTests" */ = {
			isa = XCConfigurationList;
			buildConfigurations = (
				6137CACE25154C8300128DD8 /* Debug */,
				6137CACF25154C8300128DD8 /* Release */,
			);
			defaultConfigurationIsVisible = 0;
			defaultConfigurationName = Release;
		};
		6137CAD025154C8300128DD8 /* Build configuration list for PBXNativeTarget "DemoAppUITests" */ = {
			isa = XCConfigurationList;
			buildConfigurations = (
				6137CAD125154C8300128DD8 /* Debug */,
				6137CAD225154C8300128DD8 /* Release */,
			);
			defaultConfigurationIsVisible = 0;
			defaultConfigurationName = Release;
		};
		619CFFA0251643ED00A3D9C6 /* Build configuration list for PBXNativeTarget "WrapperApp" */ = {
			isa = XCConfigurationList;
			buildConfigurations = (
				619CFFA1251643ED00A3D9C6 /* Debug */,
				619CFFA2251643ED00A3D9C6 /* Release */,
			);
			defaultConfigurationIsVisible = 0;
			defaultConfigurationName = Release;
		};
		619CFFA3251643ED00A3D9C6 /* Build configuration list for PBXNativeTarget "WrapperAppTests" */ = {
			isa = XCConfigurationList;
			buildConfigurations = (
				619CFFA4251643ED00A3D9C6 /* Debug */,
				619CFFA5251643ED00A3D9C6 /* Release */,
			);
			defaultConfigurationIsVisible = 0;
			defaultConfigurationName = Release;
		};
		619CFFA6251643ED00A3D9C6 /* Build configuration list for PBXNativeTarget "WrapperAppUITests" */ = {
			isa = XCConfigurationList;
			buildConfigurations = (
				619CFFA7251643ED00A3D9C6 /* Debug */,
				619CFFA8251643ED00A3D9C6 /* Release */,
			);
			defaultConfigurationIsVisible = 0;
			defaultConfigurationName = Release;
		};
/* End XCConfigurationList section */
	};
	rootObject = 6137CA9825154C8200128DD8 /* Project object */;
}
